
Microsoft Visual Studio Solution File, Format Version 12.00
# Visual Studio Version 17
VisualStudioVersion = 17.6.33829.357
MinimumVisualStudioVersion = 10.0.40219.1
Project("{8BC9CEB8-8B4A-11D0-8D11-00A0C91BC942}") = "bai5_diemxephang", "bai5_diemxephang.vcxproj", "{B56F9A52-7FE3-46FA-B148-B0361FB1E339}"
EndProject
Global
	GlobalSection(SolutionConfigurationPlatforms) = preSolution
		Debug|x64 = Debug|x64
		Debug|x86 = Debug|x86
		Release|x64 = Release|x64
		Release|x86 = Release|x86
	EndGlobalSection
	GlobalSection(ProjectConfigurationPlatforms) = postSolution
		{B56F9A52-7FE3-46FA-B148-B0361FB1E339}.Debug|x64.ActiveCfg = Debug|x64
		{B56F9A52-7FE3-46FA-B148-B0361FB1E339}.Debug|x64.Build.0 = Debug|x64
		{B56F9A52-7FE3-46FA-B148-B0361FB1E339}.Debug|x86.ActiveCfg = Debug|Win32
		{B56F9A52-7FE3-46FA-B148-B0361FB1E339}.Debug|x86.Build.0 = Debug|Win32
		{B56F9A52-7FE3-46FA-B148-B0361FB1E339}.Release|x64.ActiveCfg = Release|x64
		{B56F9A52-7FE3-46FA-B148-B0361FB1E339}.Release|x64.Build.0 = Release|x64
		{B56F9A52-7FE3-46FA-B148-B0361FB1E339}.Release|x86.ActiveCfg = Release|Win32
		{B56F9A52-7FE3-46FA-B148-B0361FB1E339}.Release|x86.Build.0 = Release|Win32
	EndGlobalSection
	GlobalSection(SolutionProperties) = preSolution
		HideSolutionNode = FALSE
	EndGlobalSection
	GlobalSection(ExtensibilityGlobals) = postSolution
		SolutionGuid = {32E19E75-38C0-48CC-AFCF-3A2415B8ECA3}
	EndGlobalSection
EndGlobal
